<?xml version="1.0" encoding="utf-8"?>
<Project ToolsVersion="4.0" xmlns="http://schemas.microsoft.com/developer/msbuild/2003">
  <ItemGroup>
    <Filter Include="Source Files">
      <UniqueIdentifier>{4FC737F1-C7A5-4376-A066-2A32D752A2FF}</UniqueIdentifier>
      <Extensions>cpp;c;cc;cxx;def;odl;idl;hpj;bat;asm;asmx</Extensions>
    </Filter>
    <Filter Include="Header Files">
      <UniqueIdentifier>{93995380-89BD-4b04-88EB-625FBE52EBFB}</UniqueIdentifier>
      <Extensions>h;hh;hpp;hxx;hm;inl;inc;xsd</Extensions>
    </Filter>
    <Filter Include="Resource Files">
      <UniqueIdentifier>{67DA6AB6-F800-4c08-8B7A-83BB121AAD01}</UniqueIdentifier>
      <Extensions>rc;ico;cur;bmp;dlg;rc2;rct;bin;rgs;gif;jpg;jpeg;jpe;resx;tiff;tif;png;wav;mfcribbon-ms</Extensions>
    </Filter>
    <Filter Include="Shaders">
      <UniqueIdentifier>{555ad5df-7538-4398-824d-679d77ff2d94}</UniqueIdentifier>
    </Filter>
    <Filter Include="Textures">
      <UniqueIdentifier>{c1e1295f-21f8-4c46-9287-fd933c940916}</UniqueIdentifier>
    </Filter>
    <Filter Include="Mesh">
      <UniqueIdentifier>{a8e6c521-acc7-4b7d-b730-9e99728710a9}</UniqueIdentifier>
    </Filter>
    <Filter Include="Doc">
      <UniqueIdentifier>{61b947af-d9f7-40c3-b2e2-31147a0de87f}</UniqueIdentifier>
    </Filter>
    <Filter Include="Transform">
      <UniqueIdentifier>{dfc1df95-7e3c-4393-a16a-87831fe6ef83}</UniqueIdentifier>
    </Filter>
    <Filter Include="Material">
      <UniqueIdentifier>{d3bc7eef-7237-4c3d-9c32-787978e3fc2e}</UniqueIdentifier>
    </Filter>
    <Filter Include="Instance">
      <UniqueIdentifier>{c96f715e-55e6-48a5-83da-6ec46ce58387}</UniqueIdentifier>
    </Filter>
  </ItemGroup>
  <ItemGroup>
    <ClCompile Include="LearnOpenGL.cpp">
      <Filter>Source Files</Filter>
    </ClCompile>
    <ClCompile Include="Texture.cpp">
      <Filter>Source Files</Filter>
    </ClCompile>
    <ClCompile Include="Material.cpp">
      <Filter>Source Files</Filter>
    </ClCompile>
    <ClCompile Include="Mesh.cpp">
      <Filter>Source Files</Filter>
    </ClCompile>
    <ClCompile Include="Shader.cpp">
      <Filter>Source Files</Filter>
    </ClCompile>
    <ClCompile Include="LightsContainer.cpp">
      <Filter>Source Files</Filter>
    </ClCompile>
    <ClCompile Include="TransformImpl.cpp">
      <Filter>Source Files</Filter>
    </ClCompile>
    <ClCompile Include="GameObjectImpl.cpp">
      <Filter>Source Files</Filter>
    </ClCompile>
    <ClCompile Include="InstancedArrayGameObjectImpl.cpp">
      <Filter>Source Files</Filter>
    </ClCompile>
    <ClCompile Include="InstancedArrayTransformImpl.cpp">
      <Filter>Source Files</Filter>
    </ClCompile>
    <ClCompile Include="InstancedTransformImpl.cpp">
      <Filter>Source Files</Filter>
    </ClCompile>
    <ClCompile Include="InstancedGameObjectImpl.cpp">
      <Filter>Source Files</Filter>
    </ClCompile>
    <ClCompile Include="TransparentTransformImpl.cpp">
      <Filter>Source Files</Filter>
    </ClCompile>
    <ClCompile Include="TransparentGameObjectImpl.cpp">
      <Filter>Source Files</Filter>
    </ClCompile>
    <ClCompile Include="TerrainGenerator.cpp">
      <Filter>Source Files</Filter>
    </ClCompile>
    <ClCompile Include="PerlinNoise.cpp">
      <Filter>Source Files</Filter>
    </ClCompile>
    <ClCompile Include="GameObjectUtils.cpp">
      <Filter>Source Files</Filter>
    </ClCompile>
    <ClCompile Include="GameObjectMemoryManager.cpp">
      <Filter>Source Files</Filter>
    </ClCompile>
    <ClCompile Include="ResourceManager.cpp">
      <Filter>Source Files</Filter>
    </ClCompile>
    <ClCompile Include="CollisionDetector.cpp">
      <Filter>Source Files</Filter>
    </ClCompile>
    <ClCompile Include="ComplexPosition.cpp">
      <Filter>Source Files</Filter>
    </ClCompile>
  </ItemGroup>
  <ItemGroup>
    <ClInclude Include="Shader.h">
      <Filter>Header Files</Filter>
    </ClInclude>
    <ClInclude Include="Camera.h">
      <Filter>Header Files</Filter>
    </ClInclude>
    <ClInclude Include="Mesh.h">
      <Filter>Header Files</Filter>
    </ClInclude>
    <ClInclude Include="LightTypes.h">
      <Filter>Header Files</Filter>
    </ClInclude>
    <ClInclude Include="Material.h">
      <Filter>Header Files</Filter>
    </ClInclude>
    <ClInclude Include="Texture.h">
      <Filter>Header Files</Filter>
    </ClInclude>
    <ClInclude Include="LightsContainer.h">
      <Filter>Header Files</Filter>
    </ClInclude>
    <ClInclude Include="TransformImpl.h">
      <Filter>Header Files</Filter>
    </ClInclude>
    <ClInclude Include="Transform.h">
      <Filter>Header Files</Filter>
    </ClInclude>
    <ClInclude Include="GameObjectImpl.h">
      <Filter>Header Files</Filter>
    </ClInclude>
    <ClInclude Include="GameObject.h">
      <Filter>Header Files</Filter>
    </ClInclude>
    <ClInclude Include="InstancedArrayGameObjectImpl.h">
      <Filter>Header Files</Filter>
    </ClInclude>
    <ClInclude Include="InstancedArrayTransformImpl.h">
      <Filter>Header Files</Filter>
    </ClInclude>
    <ClInclude Include="InstancedTransformImpl.h">
      <Filter>Header Files</Filter>
    </ClInclude>
    <ClInclude Include="InstancedTransform.h">
      <Filter>Header Files</Filter>
    </ClInclude>
    <ClInclude Include="InstancedGameObjectImpl.h">
      <Filter>Header Files</Filter>
    </ClInclude>
    <ClInclude Include="InstancedGameObject.h">
      <Filter>Header Files</Filter>
    </ClInclude>
    <ClInclude Include="TransparentTransformImpl.h">
      <Filter>Header Files</Filter>
    </ClInclude>
    <ClInclude Include="TransparentGameObjectImpl.h">
      <Filter>Header Files</Filter>
    </ClInclude>
    <ClInclude Include="TerrainGenerator.h">
      <Filter>Header Files</Filter>
    </ClInclude>
    <ClInclude Include="PerlinNoise.h">
      <Filter>Header Files</Filter>
    </ClInclude>
    <ClInclude Include="GameObjectUtils.h">
      <Filter>Header Files</Filter>
    </ClInclude>
    <ClInclude Include="GameObjectMemoryManager.h">
      <Filter>Header Files</Filter>
    </ClInclude>
    <ClInclude Include="ResourceManager.h">
      <Filter>Header Files</Filter>
    </ClInclude>
    <ClInclude Include="CollisionDetector.h">
      <Filter>Header Files</Filter>
    </ClInclude>
    <ClInclude Include="ComplexPosition.h">
      <Filter>Header Files</Filter>
    </ClInclude>
  </ItemGroup>
  <ItemGroup>
    <Text Include="Mesh\crate.txt">
      <Filter>Mesh</Filter>
    </Text>
    <Text Include="Doc\Material.txt">
      <Filter>Doc</Filter>
    </Text>
    <Text Include="Mesh\grass.txt">
      <Filter>Mesh</Filter>
    </Text>
    <Text Include="Transform\grass.txt">
      <Filter>Transform</Filter>
    </Text>
    <Text Include="Mesh\window.txt">
      <Filter>Mesh</Filter>
    </Text>
    <Text Include="Transform\window.txt">
      <Filter>Transform</Filter>
    </Text>
    <Text Include="Transform\crate.txt">
      <Filter>Transform</Filter>
    </Text>
    <Text Include="Mesh\lightBox.txt">
      <Filter>Mesh</Filter>
    </Text>
    <Text Include="Transform\lightBox1.txt">
      <Filter>Transform</Filter>
    </Text>
    <Text Include="Transform\lightBox2.txt">
      <Filter>Transform</Filter>
    </Text>
    <Text Include="Transform\lightBox3.txt">
      <Filter>Transform</Filter>
    </Text>
    <Text Include="Transform\lightBox4.txt">
      <Filter>Transform</Filter>
    </Text>
    <Text Include="singleColour.frag">
      <Filter>Shaders</Filter>
    </Text>
    <Text Include="vertex.vert">
      <Filter>Shaders</Filter>
    </Text>
    <Text Include="lamp.vert">
      <Filter>Shaders</Filter>
    </Text>
    <Text Include="lamp.frag">
      <Filter>Shaders</Filter>
    </Text>
    <Text Include="fragment.frag">
      <Filter>Shaders</Filter>
    </Text>
    <Text Include="alpha.frag">
      <Filter>Shaders</Filter>
    </Text>
    <Text Include="alpha.vert">
      <Filter>Shaders</Filter>
    </Text>
    <Text Include="blend.frag">
      <Filter>Shaders</Filter>
    </Text>
    <Text Include="Doc\FutureIdeas.txt">
      <Filter>Doc</Filter>
    </Text>
    <Text Include="Transform\window2.txt">
      <Filter>Transform</Filter>
    </Text>
    <Text Include="Transform\window3.txt">
      <Filter>Transform</Filter>
    </Text>
    <Text Include="Instance\crate.txt">
      <Filter>Instance</Filter>
    </Text>
    <Text Include="Material\crate.txt">
      <Filter>Material</Filter>
    </Text>
    <Text Include="Instance\crate1.txt">
      <Filter>Instance</Filter>
    </Text>
    <Text Include="Instance\window.txt">
      <Filter>Instance</Filter>
    </Text>
    <Text Include="Mesh\floorSquare.txt">
      <Filter>Mesh</Filter>
    </Text>
    <Text Include="Instance\crate2.txt">
      <Filter>Instance</Filter>
    </Text>
    <Text Include="Mesh\toplessCrate.txt">
      <Filter>Mesh</Filter>
    </Text>
    <Text Include="Mesh\sideSquare.txt">
      <Filter>Mesh</Filter>
    </Text>
    <Text Include="Mesh\bottomSquare.txt">
      <Filter>Mesh</Filter>
    </Text>
    <Text Include="Mesh\dynamicGrass.txt">
      <Filter>Mesh</Filter>
    </Text>
    <Text Include="Instance\crate3.txt">
      <Filter>Instance</Filter>
    </Text>
  </ItemGroup>
  <ItemGroup>
    <Image Include="wall.jpg">
      <Filter>Textures</Filter>
    </Image>
    <Image Include="container.jpg">
      <Filter>Textures</Filter>
    </Image>
    <Image Include="awesomeface.png">
      <Filter>Textures</Filter>
    </Image>
    <Image Include="container2.png">
      <Filter>Textures</Filter>
    </Image>
    <Image Include="container2_specular.png">
      <Filter>Textures</Filter>
    </Image>
    <Image Include="grass.png">
      <Filter>Textures</Filter>
    </Image>
    <Image Include="blending_transparent_window.png">
      <Filter>Textures</Filter>
    </Image>
    <Image Include="grassBlock.jpg">
      <Filter>Textures</Filter>
    </Image>
    <Image Include="Textures\topGrass.jpg">
      <Filter>Textures</Filter>
    </Image>
    <Image Include="Textures\dirt.jpg">
      <Filter>Textures</Filter>
    </Image>
    <Image Include="Textures\topGrassSpec.jpg">
      <Filter>Textures</Filter>
    </Image>
    <Image Include="Textures\dirtSpec.jpg">
      <Filter>Textures</Filter>
    </Image>
    <Image Include="Textures\grassBlockSpec.jpg">
      <Filter>Textures</Filter>
    </Image>
    <Image Include="Textures\coal.jpg">
      <Filter>Textures</Filter>
    </Image>
    <Image Include="Textures\coalSpec.jpg">
      <Filter>Textures</Filter>
    </Image>
  </ItemGroup>
  <ItemGroup>
    <None Include="instancedArray.vert">
      <Filter>Shaders</Filter>
    </None>
    <None Include="instanced.vert">
      <Filter>Shaders</Filter>
    </None>
    <None Include="instancedAlpha.vert">
      <Filter>Shaders</Filter>
    </None>
    <None Include="Shaders\instancedVertToGeo.vert">
      <Filter>Shaders</Filter>
    </None>
    <None Include="Shaders\passthrough.geom">
      <Filter>Shaders</Filter>
    </None>
    <None Include="Shaders\line.geom">
      <Filter>Shaders</Filter>
    </None>
    <None Include="Shaders\grass.frag">
      <Filter>Shaders</Filter>
    </None>
  </ItemGroup>
</Project>